
Microsoft Visual Studio Solution File, Format Version 12.00
# Visual Studio Version 16
VisualStudioVersion = 16.0.30611.23
MinimumVisualStudioVersion = 10.0.40219.1
Project("{9A19103F-16F7-4668-BE54-9A1E7A4F7556}") = "HelpingHandsApi", "HelpingHandsApi\HelpingHandsApi.csproj", "{7DA22000-158B-4AA2-AD0C-7AEA3086A84C}"
EndProject
Project("{9A19103F-16F7-4668-BE54-9A1E7A4F7556}") = "DonarService", "DonarService\DonarService.csproj", "{80162AB6-EDDF-48DE-B6BB-2A0EE4CB1A7B}"
EndProject
Project("{9A19103F-16F7-4668-BE54-9A1E7A4F7556}") = "AuthenticationService", "AuthenticationService\AuthenticationService.csproj", "{C8EC53B1-BF87-4DC6-9182-60D05589C03C}"
EndProject
Project("{9A19103F-16F7-4668-BE54-9A1E7A4F7556}") = "AuthServiceTest", "AuthServiceTest\AuthServiceTest.csproj", "{88DA9C67-6FB9-477C-843E-3C52E9E92C46}"
EndProject
Project("{FAE04EC0-301F-11D3-BF4B-00C04F79EFBC}") = "DonarServiceTest", "DonarServiceTest\DonarServiceTest.csproj", "{4586EA37-9569-4722-81E6-909908506AC3}"
EndProject
Project("{FAE04EC0-301F-11D3-BF4B-00C04F79EFBC}") = "OrganizationServiceTest", "OrganizationServiceTest\OrganizationServiceTest.csproj", "{089B17B2-F467-4D98-8CE7-EF0AD94877A5}"
EndProject
Global
	GlobalSection(SolutionConfigurationPlatforms) = preSolution
		Debug|Any CPU = Debug|Any CPU
		Release|Any CPU = Release|Any CPU
	EndGlobalSection
	GlobalSection(ProjectConfigurationPlatforms) = postSolution
		{7DA22000-158B-4AA2-AD0C-7AEA3086A84C}.Debug|Any CPU.ActiveCfg = Debug|Any CPU
		{7DA22000-158B-4AA2-AD0C-7AEA3086A84C}.Debug|Any CPU.Build.0 = Debug|Any CPU
		{7DA22000-158B-4AA2-AD0C-7AEA3086A84C}.Release|Any CPU.ActiveCfg = Release|Any CPU
		{7DA22000-158B-4AA2-AD0C-7AEA3086A84C}.Release|Any CPU.Build.0 = Release|Any CPU
		{80162AB6-EDDF-48DE-B6BB-2A0EE4CB1A7B}.Debug|Any CPU.ActiveCfg = Debug|Any CPU
		{80162AB6-EDDF-48DE-B6BB-2A0EE4CB1A7B}.Debug|Any CPU.Build.0 = Debug|Any CPU
		{80162AB6-EDDF-48DE-B6BB-2A0EE4CB1A7B}.Release|Any CPU.ActiveCfg = Release|Any CPU
		{80162AB6-EDDF-48DE-B6BB-2A0EE4CB1A7B}.Release|Any CPU.Build.0 = Release|Any CPU
		{C8EC53B1-BF87-4DC6-9182-60D05589C03C}.Debug|Any CPU.ActiveCfg = Debug|Any CPU
		{C8EC53B1-BF87-4DC6-9182-60D05589C03C}.Debug|Any CPU.Build.0 = Debug|Any CPU
		{C8EC53B1-BF87-4DC6-9182-60D05589C03C}.Release|Any CPU.ActiveCfg = Release|Any CPU
		{C8EC53B1-BF87-4DC6-9182-60D05589C03C}.Release|Any CPU.Build.0 = Release|Any CPU
		{88DA9C67-6FB9-477C-843E-3C52E9E92C46}.Debug|Any CPU.ActiveCfg = Debug|Any CPU
		{88DA9C67-6FB9-477C-843E-3C52E9E92C46}.Debug|Any CPU.Build.0 = Debug|Any CPU
		{88DA9C67-6FB9-477C-843E-3C52E9E92C46}.Release|Any CPU.ActiveCfg = Release|Any CPU
		{88DA9C67-6FB9-477C-843E-3C52E9E92C46}.Release|Any CPU.Build.0 = Release|Any CPU
		{4586EA37-9569-4722-81E6-909908506AC3}.Debug|Any CPU.ActiveCfg = Debug|Any CPU
		{4586EA37-9569-4722-81E6-909908506AC3}.Debug|Any CPU.Build.0 = Debug|Any CPU
		{4586EA37-9569-4722-81E6-909908506AC3}.Release|Any CPU.ActiveCfg = Release|Any CPU
		{4586EA37-9569-4722-81E6-909908506AC3}.Release|Any CPU.Build.0 = Release|Any CPU
		{089B17B2-F467-4D98-8CE7-EF0AD94877A5}.Debug|Any CPU.ActiveCfg = Debug|Any CPU
		{089B17B2-F467-4D98-8CE7-EF0AD94877A5}.Debug|Any CPU.Build.0 = Debug|Any CPU
		{089B17B2-F467-4D98-8CE7-EF0AD94877A5}.Release|Any CPU.ActiveCfg = Release|Any CPU
		{089B17B2-F467-4D98-8CE7-EF0AD94877A5}.Release|Any CPU.Build.0 = Release|Any CPU
	EndGlobalSection
	GlobalSection(SolutionProperties) = preSolution
		HideSolutionNode = FALSE
	EndGlobalSection
	GlobalSection(ExtensibilityGlobals) = postSolution
		SolutionGuid = {DC60B4DC-08E2-4E08-BA80-9CFF7E5A7EDE}
	EndGlobalSection
EndGlobal
